Microsoft Visual Studio Solution File, Format Version 12.00
# Visual Studio Version 17
VisualStudioVersion = 17.5.2.0
MinimumVisualStudioVersion = 10.0.40219.1
Project("{FAE04EC0-301F-11D3-BF4B-00C04F79EFBC}") = "GlosTrainer.Web", "GlosTrainer.Web.csproj", "{77F4AF95-AB47-A130-DD22-77BA4E4F0E67}"
EndProject
Global
	GlobalSection(SolutionConfigurationPlatforms) = preSolution
		Debug|Any CPU = Debug|Any CPU
		Release|Any CPU = Release|Any CPU
	EndGlobalSection
	GlobalSection(ProjectConfigurationPlatforms) = postSolution
		{77F4AF95-AB47-A130-DD22-77BA4E4F0E67}.Debug|Any CPU.ActiveCfg = Debug|Any CPU
		{77F4AF95-AB47-A130-DD22-77BA4E4F0E67}.Debug|Any CPU.Build.0 = Debug|Any CPU
		{77F4AF95-AB47-A130-DD22-77BA4E4F0E67}.Release|Any CPU.ActiveCfg = Release|Any CPU
		{77F4AF95-AB47-A130-DD22-77BA4E4F0E67}.Release|Any CPU.Build.0 = Release|Any CPU
	EndGlobalSection
	GlobalSection(SolutionProperties) = preSolution
		HideSolutionNode = FALSE
	EndGlobalSection
	GlobalSection(ExtensibilityGlobals) = postSolution
		SolutionGuid = {B7D491D8-7286-4AA0-B977-F07FC8AEA575}
	EndGlobalSection
EndGlobal
